
Microsoft Visual Studio Solution File, Format Version 12.00
Project("{FAE04EC0-301F-11D3-BF4B-00C04F79EFBC}") = "RL_Engine", "RL_Engine_Sandbox\RL_Engine.csproj", "{066EB192-02B3-47A6-8C1C-F54890E1658A}"
EndProject
Project("{FAE04EC0-301F-11D3-BF4B-00C04F79EFBC}") = "CyberpunkIdeas", "CyberpunkIdeas\CyberpunkIdeas.csproj", "{7D3A947F-56D8-4949-8327-46663117C088}"
EndProject
Global
	GlobalSection(SolutionConfigurationPlatforms) = preSolution
		Debug|Any CPU = Debug|Any CPU
		Release|Any CPU = Release|Any CPU
	EndGlobalSection
	GlobalSection(ProjectConfigurationPlatforms) = postSolution
		{066EB192-02B3-47A6-8C1C-F54890E1658A}.Debug|Any CPU.ActiveCfg = Debug|Any CPU
		{066EB192-02B3-47A6-8C1C-F54890E1658A}.Debug|Any CPU.Build.0 = Debug|Any CPU
		{066EB192-02B3-47A6-8C1C-F54890E1658A}.Release|Any CPU.ActiveCfg = Release|Any CPU
		{066EB192-02B3-47A6-8C1C-F54890E1658A}.Release|Any CPU.Build.0 = Release|Any CPU
		{7D3A947F-56D8-4949-8327-46663117C088}.Debug|Any CPU.ActiveCfg = Debug|Any CPU
		{7D3A947F-56D8-4949-8327-46663117C088}.Debug|Any CPU.Build.0 = Debug|Any CPU
		{7D3A947F-56D8-4949-8327-46663117C088}.Release|Any CPU.ActiveCfg = Release|Any CPU
		{7D3A947F-56D8-4949-8327-46663117C088}.Release|Any CPU.Build.0 = Release|Any CPU
	EndGlobalSection
EndGlobal
